
Microsoft Visual Studio Solution File, Format Version 12.00
# Visual Studio Version 17
VisualStudioVersion = 17.5.33502.453
MinimumVisualStudioVersion = 10.0.40219.1
Project("{FAE04EC0-301F-11D3-BF4B-00C04F79EFBC}") = "Client", "Client\Client.csproj", "{DA2E63BE-B5E0-4827-AF79-8EC51A778A2E}"
EndProject
Project("{FAE04EC0-301F-11D3-BF4B-00C04F79EFBC}") = "Server", "Server\Server.csproj", "{05532F7A-965D-47DC-B8BF-2B1BCB22CDA1}"
EndProject
Project("{FAE04EC0-301F-11D3-BF4B-00C04F79EFBC}") = "ServerClientSocket", "ServerClientSocket\ServerClientSocket.csproj", "{B131176A-A588-4483-B078-2D51875A6C55}"
EndProject
Global
	GlobalSection(SolutionConfigurationPlatforms) = preSolution
		Debug|Any CPU = Debug|Any CPU
		Release|Any CPU = Release|Any CPU
	EndGlobalSection
	GlobalSection(ProjectConfigurationPlatforms) = postSolution
		{DA2E63BE-B5E0-4827-AF79-8EC51A778A2E}.Debug|Any CPU.ActiveCfg = Debug|Any CPU
		{DA2E63BE-B5E0-4827-AF79-8EC51A778A2E}.Debug|Any CPU.Build.0 = Debug|Any CPU
		{DA2E63BE-B5E0-4827-AF79-8EC51A778A2E}.Release|Any CPU.ActiveCfg = Release|Any CPU
		{DA2E63BE-B5E0-4827-AF79-8EC51A778A2E}.Release|Any CPU.Build.0 = Release|Any CPU
		{05532F7A-965D-47DC-B8BF-2B1BCB22CDA1}.Debug|Any CPU.ActiveCfg = Debug|Any CPU
		{05532F7A-965D-47DC-B8BF-2B1BCB22CDA1}.Debug|Any CPU.Build.0 = Debug|Any CPU
		{05532F7A-965D-47DC-B8BF-2B1BCB22CDA1}.Release|Any CPU.ActiveCfg = Release|Any CPU
		{05532F7A-965D-47DC-B8BF-2B1BCB22CDA1}.Release|Any CPU.Build.0 = Release|Any CPU
		{B131176A-A588-4483-B078-2D51875A6C55}.Debug|Any CPU.ActiveCfg = Debug|Any CPU
		{B131176A-A588-4483-B078-2D51875A6C55}.Debug|Any CPU.Build.0 = Debug|Any CPU
		{B131176A-A588-4483-B078-2D51875A6C55}.Release|Any CPU.ActiveCfg = Release|Any CPU
		{B131176A-A588-4483-B078-2D51875A6C55}.Release|Any CPU.Build.0 = Release|Any CPU
	EndGlobalSection
	GlobalSection(SolutionProperties) = preSolution
		HideSolutionNode = FALSE
	EndGlobalSection
	GlobalSection(ExtensibilityGlobals) = postSolution
		SolutionGuid = {35F4A650-9EC5-45DD-9B29-8963A9B9AF00}
	EndGlobalSection
EndGlobal
